
Microsoft Visual Studio Solution File, Format Version 12.00
# Visual Studio 15
VisualStudioVersion = 15.0.27130.2010
MinimumVisualStudioVersion = 10.0.40219.1
Project("{FAE04EC0-301F-11D3-BF4B-00C04F79EFBC}") = "calcSAT", "calcSAT\calcSAT.csproj", "{8EE48057-2EF7-40C1-A31B-B2DC7ED31ACD}"
EndProject
Global
	GlobalSection(SolutionConfigurationPlatforms) = preSolution
		Debug|Any CPU = Debug|Any CPU
		Release|Any CPU = Release|Any CPU
	EndGlobalSection
	GlobalSection(ProjectConfigurationPlatforms) = postSolution
		{8EE48057-2EF7-40C1-A31B-B2DC7ED31ACD}.Debug|Any CPU.ActiveCfg = Debug|Any CPU
		{8EE48057-2EF7-40C1-A31B-B2DC7ED31ACD}.Debug|Any CPU.Build.0 = Debug|Any CPU
		{8EE48057-2EF7-40C1-A31B-B2DC7ED31ACD}.Release|Any CPU.ActiveCfg = Release|Any CPU
		{8EE48057-2EF7-40C1-A31B-B2DC7ED31ACD}.Release|Any CPU.Build.0 = Release|Any CPU
	EndGlobalSection
	GlobalSection(SolutionProperties) = preSolution
		HideSolutionNode = FALSE
	EndGlobalSection
	GlobalSection(ExtensibilityGlobals) = postSolution
		SolutionGuid = {FE4E5F86-5A23-443C-8CAD-4B14BFCB6183}
	EndGlobalSection
EndGlobal
